# @generated - this file is auto-generated by `mise lock` https://mise.jdx.dev/dev-tools/mise-lock.html

lockfile_version = 2

[[tools."aqua:tofuutils/tenv"]]
version = "4.9.3"
backend = "aqua:tofuutils/tenv"
specifiers = ["4.9.3"]

[tools."aqua:tofuutils/tenv"."platforms.linux-arm64"]
checksum = "sha256:f5980315ad0389c79103223c01d179e415ab496dcde13995dc7bb122dcf66ee5"
url = "https://github.com/tofuutils/tenv/releases/download/v4.9.3/tenv_v4.9.3_Linux_arm64.tar.gz"

[tools."aqua:tofuutils/tenv"."platforms.linux-x64"]
checksum = "sha256:2445ca52106743abf71197bd0414a480d345a1972f7caede24b0a951094a6e17"
url = "https://github.com/tofuutils/tenv/releases/download/v4.9.3/tenv_v4.9.3_Linux_x86_64.tar.gz"

[tools."aqua:tofuutils/tenv"."platforms.macos-arm64"]
checksum = "sha256:a7da0448afa755f6d180cf5c34bb6b8edf89bd2344b05a3127757b632e40dadf"
url = "https://github.com/tofuutils/tenv/releases/download/v4.9.3/tenv_v4.9.3_Darwin_arm64.tar.gz"

[[tools.gh]]
version = "2.101.0"
backend = "aqua:cli/cli"
specifiers = ["latest"]

[tools.gh."platforms.linux-arm64"]
checksum = "sha256:b57e8063f18862647c9d22727c32e9da1b963f8bf9db648fe123a6975695640f"
url = "https://github.com/cli/cli/releases/download/v2.101.0/gh_2.101.0_linux_arm64.tar.gz"
url_api = "https://api.github.com/repos/cli/cli/releases/assets/565857147"
provenance = "github-attestations"

[tools.gh."platforms.linux-x64"]
checksum = "sha256:9bca2d1c16825f109907a23307628a2f0698fbf99662b73a5cf0b020293072b8"
url = "https://github.com/cli/cli/releases/download/v2.101.0/gh_2.101.0_linux_amd64.tar.gz"
url_api = "https://api.github.com/repos/cli/cli/releases/assets/565857134"
provenance = "github-attestations"

[tools.gh."platforms.macos-arm64"]
checksum = "sha256:e4303e39d8f07141c4bad4b99b01079f05029c59b27076e8fbc825c985ecdd8b"
url = "https://github.com/cli/cli/releases/download/v2.101.0/gh_2.101.0_macOS_arm64.zip"
url_api = "https://api.github.com/repos/cli/cli/releases/assets/565857200"
provenance = "github-attestations"

[[tools.just]]
version = "1.36.0"
backend = "aqua:casey/just"
specifiers = ["1.36.0"]

[tools.just."platforms.linux-arm64"]
url = "https://github.com/casey/just/releases/download/1.36.0/just-1.36.0-aarch64-unknown-linux-musl.tar.gz"
url_api = "https://api.github.com/repos/casey/just/releases/assets/195984514"

[tools.just."platforms.linux-x64"]
checksum = "blake3:0fdf506beacc36a77e721f1434c74d81f686a688ba99f38533141692df964ca7"
url = "https://github.com/casey/just/releases/download/1.36.0/just-1.36.0-x86_64-unknown-linux-musl.tar.gz"
url_api = "https://api.github.com/repos/casey/just/releases/assets/195984340"

[tools.just."platforms.macos-arm64"]
url = "https://github.com/casey/just/releases/download/1.36.0/just-1.36.0-aarch64-apple-darwin.tar.gz"
url_api = "https://api.github.com/repos/casey/just/releases/assets/195984273"
