{
    "name": "helicopyter",
    "lockfileVersion": 3,
    "requires": true,
    "packages": {
        "": {
            "devDependencies": {
                "prettier": ">=3.8.2",
                "prettier-plugin-jinja-template": "*",
                "prettier-plugin-organize-attributes": "*",
                "prettier-plugin-toml": "*"
            }
        },
        "node_modules/@taplo/core": {
            "version": "0.1.1",
            "resolved": "https://registry.npmjs.org/@taplo/core/-/core-0.1.1.tgz",
            "integrity": "sha512-BG/zLGf5wiNXGEVPvUAAX/4ilB3PwDUY2o0MV0y47mZbDZ9ad9UK/cIQsILat3bqbPJsALVbU6k3cskNZ3vAQg==",
            "dev": true,
            "license": "MIT"
        },
        "node_modules/@taplo/lib": {
            "version": "0.4.0-alpha.2",
            "resolved": "https://registry.npmjs.org/@taplo/lib/-/lib-0.4.0-alpha.2.tgz",
            "integrity": "sha512-DV/Re3DPVY+BhBtLZ3dmP4mP6YMLSsgq9qGLXwOV38lvNF/fBlgvQswzlXmzCEefL/3q2eMoefZpOI/+GLuCNA==",
            "dev": true,
            "license": "MIT",
            "dependencies": {
                "@taplo/core": "^0.1.0"
            }
        },
        "node_modules/prettier": {
            "version": "3.9.9",
            "resolved": "https://registry.npmjs.org/prettier/-/prettier-3.9.9.tgz",
            "integrity": "sha512-Z/CJHIkdujO/OtN7nXUii0Rf3VT5SRuhjBA82Xvu2XhBUgX3nhP67T0LHceBdQLex7OOFGTox+Q5Yg8Jk2Qivg==",
            "dev": true,
            "license": "MIT",
            "bin": {
                "prettier": "bin/prettier.cjs"
            },
            "engines": {
                "node": ">=14"
            },
            "funding": {
                "url": "https://github.com/prettier/prettier?sponsor=1"
            }
        },
        "node_modules/prettier-plugin-jinja-template": {
            "version": "2.1.0",
            "resolved": "https://registry.npmjs.org/prettier-plugin-jinja-template/-/prettier-plugin-jinja-template-2.1.0.tgz",
            "integrity": "sha512-mzoCp2Oy9BDSug80fw3B3J4n4KQj1hRvoQOL1akqcDKBb5nvYxrik9zUEDs4AEJ6nK7QDTGoH0y9rx7AlnQ78Q==",
            "dev": true,
            "license": "MIT",
            "peerDependencies": {
                "prettier": "^3.0.0"
            }
        },
        "node_modules/prettier-plugin-organize-attributes": {
            "version": "1.0.0",
            "resolved": "https://registry.npmjs.org/prettier-plugin-organize-attributes/-/prettier-plugin-organize-attributes-1.0.0.tgz",
            "integrity": "sha512-+NmameaLxbCcylEXsKPmawtzla5EE6ECqvGkpfQz4KM847fXDifB1gFnPQEpoADAq6IXg+cMI8Z0ISJEXa6fhg==",
            "dev": true,
            "license": "MIT",
            "engines": {
                "node": ">=14.0.0"
            },
            "peerDependencies": {
                "prettier": "^3.0.0"
            }
        },
        "node_modules/prettier-plugin-toml": {
            "version": "2.0.1",
            "resolved": "https://registry.npmjs.org/prettier-plugin-toml/-/prettier-plugin-toml-2.0.1.tgz",
            "integrity": "sha512-99z1YOkViECHtXQjGIigd3talI/ybUI1zB3yniAwUrlWBXupNXThB1hM6bwSMUEj2/+tomTlMtT98F5t4s8IWA==",
            "dev": true,
            "license": "MIT",
            "dependencies": {
                "@taplo/lib": "^0.4.0-alpha.2"
            },
            "engines": {
                "node": ">=16.0.0"
            },
            "funding": {
                "url": "https://opencollective.com/unts"
            },
            "peerDependencies": {
                "prettier": "^3.0.3"
            }
        }
    }
}
